
Microsoft Visual Studio Solution File, Format Version 12.00
# Visual Studio 15
VisualStudioVersion = 15.0.27130.2010
MinimumVisualStudioVersion = 10.0.40219.1
Project("{FAE04EC0-301F-11D3-BF4B-00C04F79EFBC}") = "WCFTrace", "WCFTrace\WCFTrace.csproj", "{E73AD741-6BEE-4BBC-84A0-8680AB8BDB80}"
EndProject
Project("{2150E333-8FDC-42A3-9474-1A3956D46DE8}") = "Sample", "Sample", "{0C4790A7-2AF5-46A4-9DEB-5136520644B4}"
EndProject
Project("{FAE04EC0-301F-11D3-BF4B-00C04F79EFBC}") = "Contracts", "Sample\Contracts\Contracts.csproj", "{CC461118-D773-427D-84FF-3C6305BA40C7}"
EndProject
Project("{FAE04EC0-301F-11D3-BF4B-00C04F79EFBC}") = "HelloApp", "Sample\HelloApp\HelloApp.csproj", "{56E1B520-5029-48A5-9833-6E47C44F4C1A}"
EndProject
Project("{FAE04EC0-301F-11D3-BF4B-00C04F79EFBC}") = "EchoApp", "Sample\EchoApp\EchoApp.csproj", "{D1E7B934-F9E0-4CC7-82BB-AC3DD269609D}"
EndProject
Project("{FAE04EC0-301F-11D3-BF4B-00C04F79EFBC}") = "SampleRunner", "Sample\SampleRunner\SampleRunner.csproj", "{33E193F6-EAA5-4D18-9D81-3D855D3CF939}"
EndProject
Global
	GlobalSection(SolutionConfigurationPlatforms) = preSolution
		Debug|Any CPU = Debug|Any CPU
		Release|Any CPU = Release|Any CPU
	EndGlobalSection
	GlobalSection(ProjectConfigurationPlatforms) = postSolution
		{E73AD741-6BEE-4BBC-84A0-8680AB8BDB80}.Debug|Any CPU.ActiveCfg = Debug|Any CPU
		{E73AD741-6BEE-4BBC-84A0-8680AB8BDB80}.Debug|Any CPU.Build.0 = Debug|Any CPU
		{E73AD741-6BEE-4BBC-84A0-8680AB8BDB80}.Release|Any CPU.ActiveCfg = Release|Any CPU
		{E73AD741-6BEE-4BBC-84A0-8680AB8BDB80}.Release|Any CPU.Build.0 = Release|Any CPU
		{CC461118-D773-427D-84FF-3C6305BA40C7}.Debug|Any CPU.ActiveCfg = Debug|Any CPU
		{CC461118-D773-427D-84FF-3C6305BA40C7}.Debug|Any CPU.Build.0 = Debug|Any CPU
		{CC461118-D773-427D-84FF-3C6305BA40C7}.Release|Any CPU.ActiveCfg = Release|Any CPU
		{CC461118-D773-427D-84FF-3C6305BA40C7}.Release|Any CPU.Build.0 = Release|Any CPU
		{56E1B520-5029-48A5-9833-6E47C44F4C1A}.Debug|Any CPU.ActiveCfg = Debug|Any CPU
		{56E1B520-5029-48A5-9833-6E47C44F4C1A}.Debug|Any CPU.Build.0 = Debug|Any CPU
		{56E1B520-5029-48A5-9833-6E47C44F4C1A}.Release|Any CPU.ActiveCfg = Release|Any CPU
		{56E1B520-5029-48A5-9833-6E47C44F4C1A}.Release|Any CPU.Build.0 = Release|Any CPU
		{D1E7B934-F9E0-4CC7-82BB-AC3DD269609D}.Debug|Any CPU.ActiveCfg = Debug|Any CPU
		{D1E7B934-F9E0-4CC7-82BB-AC3DD269609D}.Debug|Any CPU.Build.0 = Debug|Any CPU
		{D1E7B934-F9E0-4CC7-82BB-AC3DD269609D}.Release|Any CPU.ActiveCfg = Release|Any CPU
		{D1E7B934-F9E0-4CC7-82BB-AC3DD269609D}.Release|Any CPU.Build.0 = Release|Any CPU
		{33E193F6-EAA5-4D18-9D81-3D855D3CF939}.Debug|Any CPU.ActiveCfg = Debug|Any CPU
		{33E193F6-EAA5-4D18-9D81-3D855D3CF939}.Debug|Any CPU.Build.0 = Debug|Any CPU
		{33E193F6-EAA5-4D18-9D81-3D855D3CF939}.Release|Any CPU.ActiveCfg = Release|Any CPU
		{33E193F6-EAA5-4D18-9D81-3D855D3CF939}.Release|Any CPU.Build.0 = Release|Any CPU
	EndGlobalSection
	GlobalSection(SolutionProperties) = preSolution
		HideSolutionNode = FALSE
	EndGlobalSection
	GlobalSection(NestedProjects) = preSolution
		{CC461118-D773-427D-84FF-3C6305BA40C7} = {0C4790A7-2AF5-46A4-9DEB-5136520644B4}
		{56E1B520-5029-48A5-9833-6E47C44F4C1A} = {0C4790A7-2AF5-46A4-9DEB-5136520644B4}
		{D1E7B934-F9E0-4CC7-82BB-AC3DD269609D} = {0C4790A7-2AF5-46A4-9DEB-5136520644B4}
		{33E193F6-EAA5-4D18-9D81-3D855D3CF939} = {0C4790A7-2AF5-46A4-9DEB-5136520644B4}
	EndGlobalSection
	GlobalSection(ExtensibilityGlobals) = postSolution
		SolutionGuid = {CE29D60B-91C8-4A9C-A4D9-5A6938D1C2F2}
	EndGlobalSection
EndGlobal
